%{
  "exprintf": {:hex, :exprintf, "0.2.1", "b7e895dfb00520cfb7fc1671303b63b37dc3897c59be7cbf1ae62f766a8a0314", [:mix], [], "hexpm"},
  "matrix": {:hex, :matrix, "0.3.2", "9c826bc3a1117bf5e1c5cdcf3a3d95456c93bc2e127a04e363e9fc90b724f784", [:mix], [{:exprintf, "~> 0.1", [hex: :exprintf, repo: "hexpm", optional: false]}], "hexpm"},
  "msgpax": {:hex, :msgpax, "2.1.1", "833bc9ce6d3e073cf966fec94d3f976ca7100685b4f0efb6e30ef512f2e8a4d7", [:mix], [{:plug, "~> 1.0", [hex: :plug, repo: "hexpm", optional: true]}], "hexpm"},
  "uuid": {:hex, :uuid, "1.1.8", "e22fc04499de0de3ed1116b770c7737779f226ceefa0badb3592e64d5cfb4eb9", [:mix], [], "hexpm"},
}
